
Microsoft Visual Studio Solution File, Format Version 12.00
# Visual Studio Version 16
VisualStudioVersion = 16.0.30114.105
MinimumVisualStudioVersion = 10.0.40219.1
Project("{FAE04EC0-301F-11D3-BF4B-00C04F79EFBC}") = "API", "API\API.csproj", "{0E4A4488-0C74-4481-81B2-B05DFAA7B0DC}"
EndProject
Project("{FAE04EC0-301F-11D3-BF4B-00C04F79EFBC}") = "Application", "Application\Application.csproj", "{0DF1C08E-CBE8-4D6C-BC9D-C06CB33CA31C}"
EndProject
Project("{FAE04EC0-301F-11D3-BF4B-00C04F79EFBC}") = "Persistence", "Persistence\Persistence.csproj", "{D1053363-FFA6-4045-BE9A-57C3B0925846}"
EndProject
Project("{FAE04EC0-301F-11D3-BF4B-00C04F79EFBC}") = "Domain", "Domain\Domain.csproj", "{41E4BA42-645C-401C-8B07-FEAD502F5F36}"
EndProject
Global
	GlobalSection(SolutionConfigurationPlatforms) = preSolution
		Debug|Any CPU = Debug|Any CPU
		Release|Any CPU = Release|Any CPU
	EndGlobalSection
	GlobalSection(SolutionProperties) = preSolution
		HideSolutionNode = FALSE
	EndGlobalSection
	GlobalSection(ProjectConfigurationPlatforms) = postSolution
		{0E4A4488-0C74-4481-81B2-B05DFAA7B0DC}.Debug|Any CPU.ActiveCfg = Debug|Any CPU
		{0E4A4488-0C74-4481-81B2-B05DFAA7B0DC}.Debug|Any CPU.Build.0 = Debug|Any CPU
		{0E4A4488-0C74-4481-81B2-B05DFAA7B0DC}.Release|Any CPU.ActiveCfg = Release|Any CPU
		{0E4A4488-0C74-4481-81B2-B05DFAA7B0DC}.Release|Any CPU.Build.0 = Release|Any CPU
		{0DF1C08E-CBE8-4D6C-BC9D-C06CB33CA31C}.Debug|Any CPU.ActiveCfg = Debug|Any CPU
		{0DF1C08E-CBE8-4D6C-BC9D-C06CB33CA31C}.Debug|Any CPU.Build.0 = Debug|Any CPU
		{0DF1C08E-CBE8-4D6C-BC9D-C06CB33CA31C}.Release|Any CPU.ActiveCfg = Release|Any CPU
		{0DF1C08E-CBE8-4D6C-BC9D-C06CB33CA31C}.Release|Any CPU.Build.0 = Release|Any CPU
		{D1053363-FFA6-4045-BE9A-57C3B0925846}.Debug|Any CPU.ActiveCfg = Debug|Any CPU
		{D1053363-FFA6-4045-BE9A-57C3B0925846}.Debug|Any CPU.Build.0 = Debug|Any CPU
		{D1053363-FFA6-4045-BE9A-57C3B0925846}.Release|Any CPU.ActiveCfg = Release|Any CPU
		{D1053363-FFA6-4045-BE9A-57C3B0925846}.Release|Any CPU.Build.0 = Release|Any CPU
		{41E4BA42-645C-401C-8B07-FEAD502F5F36}.Debug|Any CPU.ActiveCfg = Debug|Any CPU
		{41E4BA42-645C-401C-8B07-FEAD502F5F36}.Debug|Any CPU.Build.0 = Debug|Any CPU
		{41E4BA42-645C-401C-8B07-FEAD502F5F36}.Release|Any CPU.ActiveCfg = Release|Any CPU
		{41E4BA42-645C-401C-8B07-FEAD502F5F36}.Release|Any CPU.Build.0 = Release|Any CPU
	EndGlobalSection
EndGlobal
